
Microsoft Visual Studio Solution File, Format Version 12.00
# Visual Studio Version 17
VisualStudioVersion = 17.9.34607.119
MinimumVisualStudioVersion = 10.0.40219.1
Project("{9A19103F-16F7-4668-BE54-9A1E7A4F7556}") = "MTGAWeightsCalculator", "MTGAWeightsCalculator.csproj", "{CEAAE878-0C12-444C-BA8D-E20A36D809C4}"
EndProject
Global
	GlobalSection(SolutionConfigurationPlatforms) = preSolution
		Debug|Any CPU = Debug|Any CPU
		Release|Any CPU = Release|Any CPU
	EndGlobalSection
	GlobalSection(ProjectConfigurationPlatforms) = postSolution
		{CEAAE878-0C12-444C-BA8D-E20A36D809C4}.Debug|Any CPU.ActiveCfg = Debug|Any CPU
		{CEAAE878-0C12-444C-BA8D-E20A36D809C4}.Debug|Any CPU.Build.0 = Debug|Any CPU
		{CEAAE878-0C12-444C-BA8D-E20A36D809C4}.Release|Any CPU.ActiveCfg = Release|Any CPU
		{CEAAE878-0C12-444C-BA8D-E20A36D809C4}.Release|Any CPU.Build.0 = Release|Any CPU
	EndGlobalSection
	GlobalSection(SolutionProperties) = preSolution
		HideSolutionNode = FALSE
	EndGlobalSection
	GlobalSection(ExtensibilityGlobals) = postSolution
		SolutionGuid = {6238D11B-A386-403D-B2FB-8A204837A6D0}
	EndGlobalSection
EndGlobal
